
Microsoft Visual Studio Solution File, Format Version 12.00
# Visual Studio 15
VisualStudioVersion = 15.0.28307.1000
MinimumVisualStudioVersion = 10.0.40219.1
Project("{FAE04EC0-301F-11D3-BF4B-00C04F79EFBC}") = "spitali", "spitali\spitali.csproj", "{674EE0C2-2571-42CD-AA40-110585898713}"
EndProject
Global
	GlobalSection(SolutionConfigurationPlatforms) = preSolution
		Debug|Any CPU = Debug|Any CPU
		Release|Any CPU = Release|Any CPU
	EndGlobalSection
	GlobalSection(ProjectConfigurationPlatforms) = postSolution
		{674EE0C2-2571-42CD-AA40-110585898713}.Debug|Any CPU.ActiveCfg = Debug|Any CPU
		{674EE0C2-2571-42CD-AA40-110585898713}.Debug|Any CPU.Build.0 = Debug|Any CPU
		{674EE0C2-2571-42CD-AA40-110585898713}.Release|Any CPU.ActiveCfg = Release|Any CPU
		{674EE0C2-2571-42CD-AA40-110585898713}.Release|Any CPU.Build.0 = Release|Any CPU
	EndGlobalSection
	GlobalSection(SolutionProperties) = preSolution
		HideSolutionNode = FALSE
	EndGlobalSection
	GlobalSection(ExtensibilityGlobals) = postSolution
		SolutionGuid = {07131125-FA53-4F82-AF59-5C55FA9426F9}
	EndGlobalSection
EndGlobal
