
Microsoft Visual Studio Solution File, Format Version 12.00
# Visual Studio Version 16
VisualStudioVersion = 16.0.29911.84
MinimumVisualStudioVersion = 10.0.40219.1
Project("{FAE04EC0-301F-11D3-BF4B-00C04F79EFBC}") = "myappsimple", "myappsimple\myappsimple.csproj", "{5D44EE9F-74BC-4458-B27D-E36FABA5FC74}"
EndProject
Global
	GlobalSection(SolutionConfigurationPlatforms) = preSolution
		Debug|Any CPU = Debug|Any CPU
		Release|Any CPU = Release|Any CPU
	EndGlobalSection
	GlobalSection(ProjectConfigurationPlatforms) = postSolution
		{5D44EE9F-74BC-4458-B27D-E36FABA5FC74}.Debug|Any CPU.ActiveCfg = Debug|Any CPU
		{5D44EE9F-74BC-4458-B27D-E36FABA5FC74}.Debug|Any CPU.Build.0 = Debug|Any CPU
		{5D44EE9F-74BC-4458-B27D-E36FABA5FC74}.Release|Any CPU.ActiveCfg = Release|Any CPU
		{5D44EE9F-74BC-4458-B27D-E36FABA5FC74}.Release|Any CPU.Build.0 = Release|Any CPU
	EndGlobalSection
	GlobalSection(SolutionProperties) = preSolution
		HideSolutionNode = FALSE
	EndGlobalSection
	GlobalSection(ExtensibilityGlobals) = postSolution
		SolutionGuid = {B7511A7B-A903-4191-8196-2649F39CFC41}
	EndGlobalSection
EndGlobal
